
Microsoft Visual Studio Solution File, Format Version 12.00
# Visual Studio Version 16
VisualStudioVersion = 16.0.31727.386
MinimumVisualStudioVersion = 10.0.40219.1
Project("{FAE04EC0-301F-11D3-BF4B-00C04F79EFBC}") = "строки", "строки\строки.csproj", "{6ECDFFB3-F8CA-49F7-8B4D-6C1DC04BE1D7}"
EndProject
Global
	GlobalSection(SolutionConfigurationPlatforms) = preSolution
		Debug|Any CPU = Debug|Any CPU
		Release|Any CPU = Release|Any CPU
	EndGlobalSection
	GlobalSection(ProjectConfigurationPlatforms) = postSolution
		{6ECDFFB3-F8CA-49F7-8B4D-6C1DC04BE1D7}.Debug|Any CPU.ActiveCfg = Debug|Any CPU
		{6ECDFFB3-F8CA-49F7-8B4D-6C1DC04BE1D7}.Debug|Any CPU.Build.0 = Debug|Any CPU
		{6ECDFFB3-F8CA-49F7-8B4D-6C1DC04BE1D7}.Release|Any CPU.ActiveCfg = Release|Any CPU
		{6ECDFFB3-F8CA-49F7-8B4D-6C1DC04BE1D7}.Release|Any CPU.Build.0 = Release|Any CPU
	EndGlobalSection
	GlobalSection(SolutionProperties) = preSolution
		HideSolutionNode = FALSE
	EndGlobalSection
	GlobalSection(ExtensibilityGlobals) = postSolution
		SolutionGuid = {FC4FF66D-9D04-4E92-9606-1F882CAA0F43}
	EndGlobalSection
EndGlobal
